{
  "nodes": {
    "home-manager": {
      "inputs": {
        "nixpkgs": [
          "nixpkgs"
        ]
      },
      "locked": {
        "lastModified": 1687041769,
        "narHash": "sha256-lPDVNMrDF/hOVy+P8pEtKzvSN/Akk9RbDcyNuvW1T+M=",
        "owner": "nix-community",
        "repo": "home-manager",
        "rev": "edf9cf65238609db16680be74fe28d4d4858476e",
        "type": "github"
      },
      "original": {
        "owner": "nix-community",
        "repo": "home-manager",
        "type": "github"
      }
    },
    "nixpkgs": {
      "locked": {
        "lastModified": 1687245362,
        "narHash": "sha256-+f9tH+k3u9lSS136M2LCsl5NJTNPvhmHEiVOcypiu1E=",
        "owner": "NixOS",
        "repo": "nixpkgs",
        "rev": "205ee073b053fc4d87d5adf2ebd44ebbef7bca4d",
        "type": "github"
      },
      "original": {
        "id": "nixpkgs",
        "ref": "nixpkgs-unstable",
        "type": "indirect"
      }
    },
    "nixpkgs-unstable": {
      "locked": {
        "lastModified": 1687011986,
        "narHash": "sha256-ZNSi/wBw12d7LO8YcZ4aehIlPp4lgSkKbrHaoF80IKI=",
        "owner": "NixOS",
        "repo": "nixpkgs",
        "rev": "2c09e8eb8717e240ef9c5727c1cc9186db9fb309",
        "type": "github"
      },
      "original": {
        "id": "nixpkgs",
        "ref": "nixpkgs-unstable",
        "type": "indirect"
      }
    },
    "nur": {
      "locked": {
        "lastModified": 1687056179,
        "narHash": "sha256-wsXtRWh7FKdEHlhfus68mkMS/3djySPB2MBNQ+/aliI=",
        "owner": "nix-community",
        "repo": "NUR",
        "rev": "7d5517d76437c1ed53badcfcd75abf20edc02e7e",
        "type": "github"
      },
      "original": {
        "owner": "nix-community",
        "repo": "NUR",
        "type": "github"
      }
    },
    "root": {
      "inputs": {
        "home-manager": "home-manager",
        "nixpkgs": "nixpkgs",
        "nixpkgs-unstable": "nixpkgs-unstable",
        "nur": "nur"
      }
    }
  },
  "root": "root",
  "version": 7
}
